
Microsoft Visual Studio Solution File, Format Version 12.00
# Visual Studio Version 16
VisualStudioVersion = 16.0.29613.14
MinimumVisualStudioVersion = 10.0.40219.1
Project("{9A19103F-16F7-4668-BE54-9A1E7A4F7556}") = "Sms.Core", "Sms.Core\Sms.Core.csproj", "{C42CC8B8-E62A-400A-B012-D21700453E74}"
EndProject
Project("{9A19103F-16F7-4668-BE54-9A1E7A4F7556}") = "Sms.Aliyun", "Sms.Aliyun\Sms.Aliyun.csproj", "{076EB3E5-C32F-4890-A51D-98EB53B25C16}"
EndProject
Project("{9A19103F-16F7-4668-BE54-9A1E7A4F7556}") = "Sms.Aliyun.Abp", "Sms.Aliyun.Abp\Sms.Aliyun.Abp.csproj", "{C324E5C0-CF6A-4716-BA45-C3E03C1D4AA8}"
EndProject
Global
	GlobalSection(SolutionConfigurationPlatforms) = preSolution
		Debug|Any CPU = Debug|Any CPU
		Release|Any CPU = Release|Any CPU
	EndGlobalSection
	GlobalSection(ProjectConfigurationPlatforms) = postSolution
		{C42CC8B8-E62A-400A-B012-D21700453E74}.Debug|Any CPU.ActiveCfg = Debug|Any CPU
		{C42CC8B8-E62A-400A-B012-D21700453E74}.Debug|Any CPU.Build.0 = Debug|Any CPU
		{C42CC8B8-E62A-400A-B012-D21700453E74}.Release|Any CPU.ActiveCfg = Release|Any CPU
		{C42CC8B8-E62A-400A-B012-D21700453E74}.Release|Any CPU.Build.0 = Release|Any CPU
		{076EB3E5-C32F-4890-A51D-98EB53B25C16}.Debug|Any CPU.ActiveCfg = Debug|Any CPU
		{076EB3E5-C32F-4890-A51D-98EB53B25C16}.Debug|Any CPU.Build.0 = Debug|Any CPU
		{076EB3E5-C32F-4890-A51D-98EB53B25C16}.Release|Any CPU.ActiveCfg = Release|Any CPU
		{076EB3E5-C32F-4890-A51D-98EB53B25C16}.Release|Any CPU.Build.0 = Release|Any CPU
		{C324E5C0-CF6A-4716-BA45-C3E03C1D4AA8}.Debug|Any CPU.ActiveCfg = Debug|Any CPU
		{C324E5C0-CF6A-4716-BA45-C3E03C1D4AA8}.Debug|Any CPU.Build.0 = Debug|Any CPU
		{C324E5C0-CF6A-4716-BA45-C3E03C1D4AA8}.Release|Any CPU.ActiveCfg = Release|Any CPU
		{C324E5C0-CF6A-4716-BA45-C3E03C1D4AA8}.Release|Any CPU.Build.0 = Release|Any CPU
	EndGlobalSection
	GlobalSection(SolutionProperties) = preSolution
		HideSolutionNode = FALSE
	EndGlobalSection
	GlobalSection(ExtensibilityGlobals) = postSolution
		SolutionGuid = {458B75AF-A39D-486B-A16A-CDAB95AA46B7}
	EndGlobalSection
EndGlobal
